<?xml version="1.0" encoding="utf-8"?>
<Project ToolsVersion="4.0" xmlns="http://schemas.microsoft.com/developer/msbuild/2003">
  <ItemGroup>
    <Filter Include="Source Files">
      <UniqueIdentifier>{4FC737F1-C7A5-4376-A066-2A32D752A2FF}</UniqueIdentifier>
      <Extensions>cpp;c;cc;cxx;def;odl;idl;hpj;bat;asm;asmx</Extensions>
    </Filter>
    <Filter Include="Header Files">
      <UniqueIdentifier>{93995380-89BD-4b04-88EB-625FBE52EBFB}</UniqueIdentifier>
      <Extensions>h;hpp;hxx;hm;inl;inc;xsd</Extensions>
    </Filter>
  </ItemGroup>
  <ItemGroup>
    <ClInclude Include="Lightrail_global.h">
      <Filter>Header Files</Filter>
    </ClInclude>
    <ClInclude Include="GlobalSettings.h">
      <Filter>Header Files</Filter>
    </ClInclude>
    <ClInclude Include="DiscoveryServices.h">
      <Filter>Header Files</Filter>
    </ClInclude>
    <ClInclude Include="LightrailLogged.h">
      <Filter>Header Files</Filter>
    </ClInclude>
    <ClInclude Include="DiscoveryPeer.h">
      <Filter>Header Files</Filter>
    </ClInclude>
    <ClInclude Include="ILightrail.h">
      <Filter>Header Files</Filter>
    </ClInclude>
    <ClInclude Include="SimpleListLightrail.h">
      <Filter>Header Files</Filter>
    </ClInclude>
    <ClInclude Include="Method.h">
      <Filter>Header Files</Filter>
    </ClInclude>
    <ClInclude Include="DetailedDelivery.h">
      <Filter>Header Files</Filter>
    </ClInclude>
    <ClInclude Include="Delivery.h">
      <Filter>Header Files</Filter>
    </ClInclude>
    <ClInclude Include="Lightrail.h">
      <Filter>Header Files</Filter>
    </ClInclude>
    <ClInclude Include="LightrailClient.h">
      <Filter>Header Files</Filter>
    </ClInclude>
    <ClInclude Include="IDelivery.h">
      <Filter>Header Files</Filter>
    </ClInclude>
    <ClInclude Include="IDetailedDelivery.h">
      <Filter>Header Files</Filter>
    </ClInclude>
    <ClInclude Include="PeerActor.h">
      <Filter>Header Files</Filter>
    </ClInclude>
    <ClInclude Include="Package.h">
      <Filter>Header Files</Filter>
    </ClInclude>
    <ClInclude Include="ITerminal.h">
      <Filter>Header Files</Filter>
    </ClInclude>
    <ClInclude Include="Terminal.h">
      <Filter>Header Files</Filter>
    </ClInclude>
    <ClInclude Include="TerminalListing.h">
      <Filter>Header Files</Filter>
    </ClInclude>
    <ClInclude Include="ITerminalDelivery.h">
      <Filter>Header Files</Filter>
    </ClInclude>
    <ClInclude Include="TerminalDelivery.h">
      <Filter>Header Files</Filter>
    </ClInclude>
    <ClInclude Include="ISecurityKey.h">
      <Filter>Header Files</Filter>
    </ClInclude>
    <ClInclude Include="AES256SecurityKey.h">
      <Filter>Header Files</Filter>
    </ClInclude>
    <ClInclude Include="SecurityKey.h">
      <Filter>Header Files</Filter>
    </ClInclude>
    <ClInclude Include="DeliveryParseError.h">
      <Filter>Header Files</Filter>
    </ClInclude>
    <ClInclude Include="IDeliveryParseError.h">
      <Filter>Header Files</Filter>
    </ClInclude>
    <ClInclude Include="IDiscovery.h">
      <Filter>Header Files</Filter>
    </ClInclude>
    <ClInclude Include="Discovery.h">
      <Filter>Header Files</Filter>
    </ClInclude>
    <ClInclude Include="SimpleListContainer.h">
      <Filter>Header Files</Filter>
    </ClInclude>
    <ClInclude Include="Junction.h">
      <Filter>Header Files</Filter>
    </ClInclude>
  </ItemGroup>
  <ItemGroup>
    <ClCompile Include="GlobalSettings.cpp">
      <Filter>Source Files</Filter>
    </ClCompile>
    <ClCompile Include="DiscoveryServices.cpp">
      <Filter>Source Files</Filter>
    </ClCompile>
    <ClCompile Include="LightrailLogged.cpp">
      <Filter>Source Files</Filter>
    </ClCompile>
    <ClCompile Include="DiscoveryPeer.cpp">
      <Filter>Source Files</Filter>
    </ClCompile>
    <ClCompile Include="DetailedDelivery.cpp">
      <Filter>Source Files</Filter>
    </ClCompile>
    <ClCompile Include="Delivery.cpp">
      <Filter>Source Files</Filter>
    </ClCompile>
    <ClCompile Include="Lightrail.cpp">
      <Filter>Source Files</Filter>
    </ClCompile>
    <ClCompile Include="LightrailClient.cpp">
      <Filter>Source Files</Filter>
    </ClCompile>
    <ClCompile Include="PeerActor.cpp">
      <Filter>Source Files</Filter>
    </ClCompile>
    <ClCompile Include="Package.cpp">
      <Filter>Source Files</Filter>
    </ClCompile>
    <ClCompile Include="Terminal.cpp">
      <Filter>Source Files</Filter>
    </ClCompile>
    <ClCompile Include="TerminalListing.cpp">
      <Filter>Source Files</Filter>
    </ClCompile>
    <ClCompile Include="TerminalDelivery.cpp">
      <Filter>Source Files</Filter>
    </ClCompile>
    <ClCompile Include="AES256SecurityKey.cpp">
      <Filter>Source Files</Filter>
    </ClCompile>
    <ClCompile Include="SecurityKey.cpp">
      <Filter>Source Files</Filter>
    </ClCompile>
    <ClCompile Include="DeliveryParseError.cpp">
      <Filter>Source Files</Filter>
    </ClCompile>
    <ClCompile Include="Discovery.cpp">
      <Filter>Source Files</Filter>
    </ClCompile>
    <ClCompile Include="Junction.cpp">
      <Filter>Source Files</Filter>
    </ClCompile>
  </ItemGroup>
</Project>