<?xml version="1.0" encoding="utf-8"?>
<Project ToolsVersion="4.0" xmlns="http://schemas.microsoft.com/developer/msbuild/2003">
  <ItemGroup>
    <ClCompile Include="XThread.cpp">
      <Filter>Source Files</Filter>
    </ClCompile>
    <ClCompile Include="XDirectory.cpp">
      <Filter>Source Files</Filter>
    </ClCompile>
    <ClCompile Include="XEvent.cpp">
      <Filter>Source Files</Filter>
    </ClCompile>
    <ClCompile Include="XFile.cpp">
      <Filter>Source Files</Filter>
    </ClCompile>
    <ClCompile Include="XLogger.cpp">
      <Filter>Source Files</Filter>
    </ClCompile>
    <ClCompile Include="XMutex.cpp">
      <Filter>Source Files</Filter>
    </ClCompile>
    <ClCompile Include="XIni.cpp">
      <Filter>Source Files</Filter>
    </ClCompile>
    <ClCompile Include="XByteArray.cpp">
      <Filter>Source Files</Filter>
    </ClCompile>
    <ClCompile Include="XSerializer.cpp">
      <Filter>Source Files</Filter>
    </ClCompile>
    <ClCompile Include="XUuid.cpp">
      <Filter>Source Files</Filter>
    </ClCompile>
    <ClCompile Include="XUtilities.cpp">
      <Filter>Source Files</Filter>
    </ClCompile>
    <ClCompile Include="XEncrypter.cpp">
      <Filter>Source Files</Filter>
    </ClCompile>
    <ClCompile Include="XLicenseFile.cpp">
      <Filter>Source Files</Filter>
    </ClCompile>
    <ClCompile Include="XException.cpp">
      <Filter>Source Files</Filter>
    </ClCompile>
    <ClCompile Include="XHostAddress.cpp">
      <Filter>Source Files</Filter>
    </ClCompile>
    <ClCompile Include="XHostLookup.cpp">
      <Filter>Source Files</Filter>
    </ClCompile>
    <ClCompile Include="XMulticaster.cpp">
      <Filter>Source Files</Filter>
    </ClCompile>
    <ClCompile Include="XSocketDevice.cpp">
      <Filter>Source Files</Filter>
    </ClCompile>
    <ClCompile Include="XTcpMessageReceiver.cpp">
      <Filter>Source Files</Filter>
    </ClCompile>
    <ClCompile Include="XTcpMessageReceiverThread.cpp">
      <Filter>Source Files</Filter>
    </ClCompile>
    <ClCompile Include="XTcpMessageSender.cpp">
      <Filter>Source Files</Filter>
    </ClCompile>
    <ClCompile Include="XFileEncrypter.cpp">
      <Filter>Source Files</Filter>
    </ClCompile>
  </ItemGroup>
  <ItemGroup>
    <ClInclude Include="XDirectory.h">
      <Filter>Header Files</Filter>
    </ClInclude>
    <ClInclude Include="XEvent.h">
      <Filter>Header Files</Filter>
    </ClInclude>
    <ClInclude Include="XException.h">
      <Filter>Header Files</Filter>
    </ClInclude>
    <ClInclude Include="XFile.h">
      <Filter>Header Files</Filter>
    </ClInclude>
    <ClInclude Include="XLogger.h">
      <Filter>Header Files</Filter>
    </ClInclude>
    <ClInclude Include="XMutex.h">
      <Filter>Header Files</Filter>
    </ClInclude>
    <ClInclude Include="XThread.h">
      <Filter>Header Files</Filter>
    </ClInclude>
    <ClInclude Include="Xylasoft.h">
      <Filter>Header Files</Filter>
    </ClInclude>
    <ClInclude Include="XIni.h">
      <Filter>Header Files</Filter>
    </ClInclude>
    <ClInclude Include="XByteArray.h">
      <Filter>Header Files</Filter>
    </ClInclude>
    <ClInclude Include="XSerializer.h">
      <Filter>Header Files</Filter>
    </ClInclude>
    <ClInclude Include="XQueue.h">
      <Filter>Header Files</Filter>
    </ClInclude>
    <ClInclude Include="XUuid.h">
      <Filter>Header Files</Filter>
    </ClInclude>
    <ClInclude Include="XUtilities.h">
      <Filter>Header Files</Filter>
    </ClInclude>
    <ClInclude Include="XEncrypter.h">
      <Filter>Header Files</Filter>
    </ClInclude>
    <ClInclude Include="XLicenseFile.h">
      <Filter>Header Files</Filter>
    </ClInclude>
    <ClInclude Include="XEventCallback.h">
      <Filter>Header Files</Filter>
    </ClInclude>
    <ClInclude Include="XSingleEventCallback.h">
      <Filter>Header Files</Filter>
    </ClInclude>
    <ClInclude Include="XHostAddress.h">
      <Filter>Header Files</Filter>
    </ClInclude>
    <ClInclude Include="XHostLookup.h">
      <Filter>Header Files</Filter>
    </ClInclude>
    <ClInclude Include="IXLogger.h">
      <Filter>Header Files</Filter>
    </ClInclude>
    <ClInclude Include="XMulticaster.h">
      <Filter>Header Files</Filter>
    </ClInclude>
    <ClInclude Include="XSocketDevice.h">
      <Filter>Header Files</Filter>
    </ClInclude>
    <ClInclude Include="XTcpMessageReceiver.h">
      <Filter>Header Files</Filter>
    </ClInclude>
    <ClInclude Include="XTcpMessageReceiverThread.h">
      <Filter>Header Files</Filter>
    </ClInclude>
    <ClInclude Include="XTcpMessageSender.h">
      <Filter>Header Files</Filter>
    </ClInclude>
    <ClInclude Include="XFileEncrypter.h">
      <Filter>Header Files</Filter>
    </ClInclude>
  </ItemGroup>
  <ItemGroup>
    <Filter Include="Header Files">
      <UniqueIdentifier>{3683acba-2ed4-4338-ac9d-52c899680459}</UniqueIdentifier>
      <Extensions>h;hpp;hxx;hm;inl;inc;xsd</Extensions>
    </Filter>
    <Filter Include="Source Files">
      <UniqueIdentifier>{7f71cf7f-a955-408e-8f44-27ee38375789}</UniqueIdentifier>
      <Extensions>cpp;c;cc;cxx;def;odl;idl;hpj;bat;asm;asmx</Extensions>
    </Filter>
  </ItemGroup>
</Project>