
Microsoft Visual Studio Solution File, Format Version 12.00
# Visual Studio 15
VisualStudioVersion = 15.0.27703.2000
MinimumVisualStudioVersion = 10.0.40219.1
Project("{8BC9CEB8-8B4A-11D0-8D11-00A0C91BC942}") = "XLibrary", "XLibrary\XLibrary.vcxproj", "{39B750D9-5C3A-4D40-B9CE-8DAE4777309D}"
	ProjectSection(ProjectDependencies) = postProject
		{BC6AB240-4DB1-4EE6-A3EF-A2395545FEE7} = {BC6AB240-4DB1-4EE6-A3EF-A2395545FEE7}
	EndProjectSection
EndProject
Project("{8BC9CEB8-8B4A-11D0-8D11-00A0C91BC942}") = "TestProject", "TestProject\TestProject.vcxproj", "{6F57B66D-CB38-4432-B815-E4900287ED7F}"
	ProjectSection(ProjectDependencies) = postProject
		{9E3ED110-11F9-4BEC-82C6-AC05D7A69621} = {9E3ED110-11F9-4BEC-82C6-AC05D7A69621}
		{39B750D9-5C3A-4D40-B9CE-8DAE4777309D} = {39B750D9-5C3A-4D40-B9CE-8DAE4777309D}
	EndProjectSection
EndProject
Project("{8BC9CEB8-8B4A-11D0-8D11-00A0C91BC942}") = "Lightrail", "Lightrail\Lightrail.vcxproj", "{9E3ED110-11F9-4BEC-82C6-AC05D7A69621}"
	ProjectSection(ProjectDependencies) = postProject
		{BC6AB240-4DB1-4EE6-A3EF-A2395545FEE7} = {BC6AB240-4DB1-4EE6-A3EF-A2395545FEE7}
		{39B750D9-5C3A-4D40-B9CE-8DAE4777309D} = {39B750D9-5C3A-4D40-B9CE-8DAE4777309D}
	EndProjectSection
EndProject
Project("{8BC9CEB8-8B4A-11D0-8D11-00A0C91BC942}") = "XTools", "XTools\XTools.vcxproj", "{BC6AB240-4DB1-4EE6-A3EF-A2395545FEE7}"
EndProject
Project("{8BC9CEB8-8B4A-11D0-8D11-00A0C91BC942}") = "LightrailConsole", "LightrailConsole\LightrailConsole.vcxproj", "{4F5ACD90-78CF-4F36-9ED4-C23966A01991}"
	ProjectSection(ProjectDependencies) = postProject
		{9E3ED110-11F9-4BEC-82C6-AC05D7A69621} = {9E3ED110-11F9-4BEC-82C6-AC05D7A69621}
	EndProjectSection
EndProject
Project("{8BC9CEB8-8B4A-11D0-8D11-00A0C91BC942}") = "LightrailNet", "LightrailNet\LightrailNet.vcxproj", "{E3357A46-4CCE-4337-87FE-746F6F8B43A8}"
	ProjectSection(ProjectDependencies) = postProject
		{9E3ED110-11F9-4BEC-82C6-AC05D7A69621} = {9E3ED110-11F9-4BEC-82C6-AC05D7A69621}
	EndProjectSection
EndProject
Project("{FAE04EC0-301F-11D3-BF4B-00C04F79EFBC}") = "LightrailDiagnostics", "LightrailDiagnostics\LightrailDiagnostics.csproj", "{1E69702D-43A4-4E0C-BFB2-78A3C7DB2F61}"
EndProject
Project("{FAE04EC0-301F-11D3-BF4B-00C04F79EFBC}") = "LightrailNetTest", "LightrailNetTest\LightrailNetTest.csproj", "{4A39923D-AE25-485E-B04F-A79B3A6D244D}"
EndProject
Project("{2150E333-8FDC-42A3-9474-1A3956D46DE8}") = "Solution Items", "Solution Items", "{7F627126-0CE3-4D0F-8594-3DF1F71A44AA}"
	ProjectSection(SolutionItems) = preProject
		Lightrail.vsmdi = Lightrail.vsmdi
		Local.testsettings = Local.testsettings
		TraceAndTestImpact.testsettings = TraceAndTestImpact.testsettings
	EndProjectSection
EndProject
Global
	GlobalSection(SolutionConfigurationPlatforms) = preSolution
		Debug|Win32 = Debug|Win32
		Debug|x64 = Debug|x64
		FIPS 140 Debug|Win32 = FIPS 140 Debug|Win32
		FIPS 140 Debug|x64 = FIPS 140 Debug|x64
		FIPS 140 Release|Win32 = FIPS 140 Release|Win32
		FIPS 140 Release|x64 = FIPS 140 Release|x64
		Release|Win32 = Release|Win32
		Release|x64 = Release|x64
	EndGlobalSection
	GlobalSection(ProjectConfigurationPlatforms) = postSolution
		{39B750D9-5C3A-4D40-B9CE-8DAE4777309D}.Debug|Win32.ActiveCfg = Debug|Win32
		{39B750D9-5C3A-4D40-B9CE-8DAE4777309D}.Debug|Win32.Build.0 = Debug|Win32
		{39B750D9-5C3A-4D40-B9CE-8DAE4777309D}.Debug|x64.ActiveCfg = Debug|x64
		{39B750D9-5C3A-4D40-B9CE-8DAE4777309D}.Debug|x64.Build.0 = Debug|x64
		{39B750D9-5C3A-4D40-B9CE-8DAE4777309D}.FIPS 140 Debug|Win32.ActiveCfg = Debug|Win32
		{39B750D9-5C3A-4D40-B9CE-8DAE4777309D}.FIPS 140 Debug|Win32.Build.0 = Debug|Win32
		{39B750D9-5C3A-4D40-B9CE-8DAE4777309D}.FIPS 140 Debug|x64.ActiveCfg = Debug|x64
		{39B750D9-5C3A-4D40-B9CE-8DAE4777309D}.FIPS 140 Debug|x64.Build.0 = Debug|x64
		{39B750D9-5C3A-4D40-B9CE-8DAE4777309D}.FIPS 140 Release|Win32.ActiveCfg = Release|Win32
		{39B750D9-5C3A-4D40-B9CE-8DAE4777309D}.FIPS 140 Release|Win32.Build.0 = Release|Win32
		{39B750D9-5C3A-4D40-B9CE-8DAE4777309D}.FIPS 140 Release|x64.ActiveCfg = Release|x64
		{39B750D9-5C3A-4D40-B9CE-8DAE4777309D}.FIPS 140 Release|x64.Build.0 = Release|x64
		{39B750D9-5C3A-4D40-B9CE-8DAE4777309D}.Release|Win32.ActiveCfg = Release|Win32
		{39B750D9-5C3A-4D40-B9CE-8DAE4777309D}.Release|Win32.Build.0 = Release|Win32
		{39B750D9-5C3A-4D40-B9CE-8DAE4777309D}.Release|x64.ActiveCfg = Release|x64
		{39B750D9-5C3A-4D40-B9CE-8DAE4777309D}.Release|x64.Build.0 = Release|x64
		{6F57B66D-CB38-4432-B815-E4900287ED7F}.Debug|Win32.ActiveCfg = Debug|Win32
		{6F57B66D-CB38-4432-B815-E4900287ED7F}.Debug|Win32.Build.0 = Debug|Win32
		{6F57B66D-CB38-4432-B815-E4900287ED7F}.Debug|x64.ActiveCfg = Debug|x64
		{6F57B66D-CB38-4432-B815-E4900287ED7F}.Debug|x64.Build.0 = Debug|x64
		{6F57B66D-CB38-4432-B815-E4900287ED7F}.FIPS 140 Debug|Win32.ActiveCfg = Debug|Win32
		{6F57B66D-CB38-4432-B815-E4900287ED7F}.FIPS 140 Debug|Win32.Build.0 = Debug|Win32
		{6F57B66D-CB38-4432-B815-E4900287ED7F}.FIPS 140 Debug|x64.ActiveCfg = Debug|x64
		{6F57B66D-CB38-4432-B815-E4900287ED7F}.FIPS 140 Debug|x64.Build.0 = Debug|x64
		{6F57B66D-CB38-4432-B815-E4900287ED7F}.FIPS 140 Release|Win32.ActiveCfg = Release|Win32
		{6F57B66D-CB38-4432-B815-E4900287ED7F}.FIPS 140 Release|Win32.Build.0 = Release|Win32
		{6F57B66D-CB38-4432-B815-E4900287ED7F}.FIPS 140 Release|x64.ActiveCfg = Release|x64
		{6F57B66D-CB38-4432-B815-E4900287ED7F}.FIPS 140 Release|x64.Build.0 = Release|x64
		{6F57B66D-CB38-4432-B815-E4900287ED7F}.Release|Win32.ActiveCfg = Release|Win32
		{6F57B66D-CB38-4432-B815-E4900287ED7F}.Release|Win32.Build.0 = Release|Win32
		{6F57B66D-CB38-4432-B815-E4900287ED7F}.Release|x64.ActiveCfg = Release|x64
		{6F57B66D-CB38-4432-B815-E4900287ED7F}.Release|x64.Build.0 = Release|x64
		{9E3ED110-11F9-4BEC-82C6-AC05D7A69621}.Debug|Win32.ActiveCfg = Debug|Win32
		{9E3ED110-11F9-4BEC-82C6-AC05D7A69621}.Debug|Win32.Build.0 = Debug|Win32
		{9E3ED110-11F9-4BEC-82C6-AC05D7A69621}.Debug|x64.ActiveCfg = Debug|x64
		{9E3ED110-11F9-4BEC-82C6-AC05D7A69621}.Debug|x64.Build.0 = Debug|x64
		{9E3ED110-11F9-4BEC-82C6-AC05D7A69621}.FIPS 140 Debug|Win32.ActiveCfg = Debug|Win32
		{9E3ED110-11F9-4BEC-82C6-AC05D7A69621}.FIPS 140 Debug|Win32.Build.0 = Debug|Win32
		{9E3ED110-11F9-4BEC-82C6-AC05D7A69621}.FIPS 140 Debug|x64.ActiveCfg = Debug|x64
		{9E3ED110-11F9-4BEC-82C6-AC05D7A69621}.FIPS 140 Debug|x64.Build.0 = Debug|x64
		{9E3ED110-11F9-4BEC-82C6-AC05D7A69621}.FIPS 140 Release|Win32.ActiveCfg = Release|Win32
		{9E3ED110-11F9-4BEC-82C6-AC05D7A69621}.FIPS 140 Release|Win32.Build.0 = Release|Win32
		{9E3ED110-11F9-4BEC-82C6-AC05D7A69621}.FIPS 140 Release|x64.ActiveCfg = Release|x64
		{9E3ED110-11F9-4BEC-82C6-AC05D7A69621}.FIPS 140 Release|x64.Build.0 = Release|x64
		{9E3ED110-11F9-4BEC-82C6-AC05D7A69621}.Release|Win32.ActiveCfg = Release|Win32
		{9E3ED110-11F9-4BEC-82C6-AC05D7A69621}.Release|Win32.Build.0 = Release|Win32
		{9E3ED110-11F9-4BEC-82C6-AC05D7A69621}.Release|x64.ActiveCfg = Release|x64
		{9E3ED110-11F9-4BEC-82C6-AC05D7A69621}.Release|x64.Build.0 = Release|x64
		{BC6AB240-4DB1-4EE6-A3EF-A2395545FEE7}.Debug|Win32.ActiveCfg = Debug|Win32
		{BC6AB240-4DB1-4EE6-A3EF-A2395545FEE7}.Debug|Win32.Build.0 = Debug|Win32
		{BC6AB240-4DB1-4EE6-A3EF-A2395545FEE7}.Debug|x64.ActiveCfg = Debug|x64
		{BC6AB240-4DB1-4EE6-A3EF-A2395545FEE7}.Debug|x64.Build.0 = Debug|x64
		{BC6AB240-4DB1-4EE6-A3EF-A2395545FEE7}.FIPS 140 Debug|Win32.ActiveCfg = Debug|Win32
		{BC6AB240-4DB1-4EE6-A3EF-A2395545FEE7}.FIPS 140 Debug|Win32.Build.0 = Debug|Win32
		{BC6AB240-4DB1-4EE6-A3EF-A2395545FEE7}.FIPS 140 Debug|x64.ActiveCfg = Debug|x64
		{BC6AB240-4DB1-4EE6-A3EF-A2395545FEE7}.FIPS 140 Debug|x64.Build.0 = Debug|x64
		{BC6AB240-4DB1-4EE6-A3EF-A2395545FEE7}.FIPS 140 Release|Win32.ActiveCfg = Release|Win32
		{BC6AB240-4DB1-4EE6-A3EF-A2395545FEE7}.FIPS 140 Release|Win32.Build.0 = Release|Win32
		{BC6AB240-4DB1-4EE6-A3EF-A2395545FEE7}.FIPS 140 Release|x64.ActiveCfg = Release|x64
		{BC6AB240-4DB1-4EE6-A3EF-A2395545FEE7}.FIPS 140 Release|x64.Build.0 = Release|x64
		{BC6AB240-4DB1-4EE6-A3EF-A2395545FEE7}.Release|Win32.ActiveCfg = Release|Win32
		{BC6AB240-4DB1-4EE6-A3EF-A2395545FEE7}.Release|Win32.Build.0 = Release|Win32
		{BC6AB240-4DB1-4EE6-A3EF-A2395545FEE7}.Release|x64.ActiveCfg = Release|x64
		{BC6AB240-4DB1-4EE6-A3EF-A2395545FEE7}.Release|x64.Build.0 = Release|x64
		{4F5ACD90-78CF-4F36-9ED4-C23966A01991}.Debug|Win32.ActiveCfg = Debug|Win32
		{4F5ACD90-78CF-4F36-9ED4-C23966A01991}.Debug|Win32.Build.0 = Debug|Win32
		{4F5ACD90-78CF-4F36-9ED4-C23966A01991}.Debug|x64.ActiveCfg = Debug|x64
		{4F5ACD90-78CF-4F36-9ED4-C23966A01991}.Debug|x64.Build.0 = Debug|x64
		{4F5ACD90-78CF-4F36-9ED4-C23966A01991}.FIPS 140 Debug|Win32.ActiveCfg = Debug|Win32
		{4F5ACD90-78CF-4F36-9ED4-C23966A01991}.FIPS 140 Debug|Win32.Build.0 = Debug|Win32
		{4F5ACD90-78CF-4F36-9ED4-C23966A01991}.FIPS 140 Debug|x64.ActiveCfg = Debug|x64
		{4F5ACD90-78CF-4F36-9ED4-C23966A01991}.FIPS 140 Debug|x64.Build.0 = Debug|x64
		{4F5ACD90-78CF-4F36-9ED4-C23966A01991}.FIPS 140 Release|Win32.ActiveCfg = Release|Win32
		{4F5ACD90-78CF-4F36-9ED4-C23966A01991}.FIPS 140 Release|Win32.Build.0 = Release|Win32
		{4F5ACD90-78CF-4F36-9ED4-C23966A01991}.FIPS 140 Release|x64.ActiveCfg = Release|x64
		{4F5ACD90-78CF-4F36-9ED4-C23966A01991}.FIPS 140 Release|x64.Build.0 = Release|x64
		{4F5ACD90-78CF-4F36-9ED4-C23966A01991}.Release|Win32.ActiveCfg = Release|Win32
		{4F5ACD90-78CF-4F36-9ED4-C23966A01991}.Release|Win32.Build.0 = Release|Win32
		{4F5ACD90-78CF-4F36-9ED4-C23966A01991}.Release|x64.ActiveCfg = Release|x64
		{4F5ACD90-78CF-4F36-9ED4-C23966A01991}.Release|x64.Build.0 = Release|x64
		{E3357A46-4CCE-4337-87FE-746F6F8B43A8}.Debug|Win32.ActiveCfg = Debug|Win32
		{E3357A46-4CCE-4337-87FE-746F6F8B43A8}.Debug|Win32.Build.0 = Debug|Win32
		{E3357A46-4CCE-4337-87FE-746F6F8B43A8}.Debug|x64.ActiveCfg = Debug|x64
		{E3357A46-4CCE-4337-87FE-746F6F8B43A8}.Debug|x64.Build.0 = Debug|x64
		{E3357A46-4CCE-4337-87FE-746F6F8B43A8}.FIPS 140 Debug|Win32.ActiveCfg = Debug|Win32
		{E3357A46-4CCE-4337-87FE-746F6F8B43A8}.FIPS 140 Debug|Win32.Build.0 = Debug|Win32
		{E3357A46-4CCE-4337-87FE-746F6F8B43A8}.FIPS 140 Debug|x64.ActiveCfg = Debug|Win32
		{E3357A46-4CCE-4337-87FE-746F6F8B43A8}.FIPS 140 Release|Win32.ActiveCfg = Release|Win32
		{E3357A46-4CCE-4337-87FE-746F6F8B43A8}.FIPS 140 Release|Win32.Build.0 = Release|Win32
		{E3357A46-4CCE-4337-87FE-746F6F8B43A8}.FIPS 140 Release|x64.ActiveCfg = Release|Win32
		{E3357A46-4CCE-4337-87FE-746F6F8B43A8}.Release|Win32.ActiveCfg = Release|Win32
		{E3357A46-4CCE-4337-87FE-746F6F8B43A8}.Release|Win32.Build.0 = Release|Win32
		{E3357A46-4CCE-4337-87FE-746F6F8B43A8}.Release|x64.ActiveCfg = Release|x64
		{E3357A46-4CCE-4337-87FE-746F6F8B43A8}.Release|x64.Build.0 = Release|x64
		{1E69702D-43A4-4E0C-BFB2-78A3C7DB2F61}.Debug|Win32.ActiveCfg = Debug|x86
		{1E69702D-43A4-4E0C-BFB2-78A3C7DB2F61}.Debug|Win32.Build.0 = Debug|x86
		{1E69702D-43A4-4E0C-BFB2-78A3C7DB2F61}.Debug|x64.ActiveCfg = Debug|x64
		{1E69702D-43A4-4E0C-BFB2-78A3C7DB2F61}.Debug|x64.Build.0 = Debug|x64
		{1E69702D-43A4-4E0C-BFB2-78A3C7DB2F61}.FIPS 140 Debug|Win32.ActiveCfg = Debug|x86
		{1E69702D-43A4-4E0C-BFB2-78A3C7DB2F61}.FIPS 140 Debug|x64.ActiveCfg = Debug|x86
		{1E69702D-43A4-4E0C-BFB2-78A3C7DB2F61}.FIPS 140 Release|Win32.ActiveCfg = Release|x86
		{1E69702D-43A4-4E0C-BFB2-78A3C7DB2F61}.FIPS 140 Release|x64.ActiveCfg = Release|x86
		{1E69702D-43A4-4E0C-BFB2-78A3C7DB2F61}.Release|Win32.ActiveCfg = Release|x86
		{1E69702D-43A4-4E0C-BFB2-78A3C7DB2F61}.Release|Win32.Build.0 = Release|x86
		{1E69702D-43A4-4E0C-BFB2-78A3C7DB2F61}.Release|x64.ActiveCfg = Release|x64
		{1E69702D-43A4-4E0C-BFB2-78A3C7DB2F61}.Release|x64.Build.0 = Release|x64
		{4A39923D-AE25-485E-B04F-A79B3A6D244D}.Debug|Win32.ActiveCfg = Debug|x86
		{4A39923D-AE25-485E-B04F-A79B3A6D244D}.Debug|Win32.Build.0 = Debug|x86
		{4A39923D-AE25-485E-B04F-A79B3A6D244D}.Debug|x64.ActiveCfg = Debug|x64
		{4A39923D-AE25-485E-B04F-A79B3A6D244D}.Debug|x64.Build.0 = Debug|x64
		{4A39923D-AE25-485E-B04F-A79B3A6D244D}.FIPS 140 Debug|Win32.ActiveCfg = Debug|Any CPU
		{4A39923D-AE25-485E-B04F-A79B3A6D244D}.FIPS 140 Debug|x64.ActiveCfg = Debug|Any CPU
		{4A39923D-AE25-485E-B04F-A79B3A6D244D}.FIPS 140 Release|Win32.ActiveCfg = Release|Any CPU
		{4A39923D-AE25-485E-B04F-A79B3A6D244D}.FIPS 140 Release|x64.ActiveCfg = Release|Any CPU
		{4A39923D-AE25-485E-B04F-A79B3A6D244D}.Release|Win32.ActiveCfg = Release|x86
		{4A39923D-AE25-485E-B04F-A79B3A6D244D}.Release|Win32.Build.0 = Release|x86
		{4A39923D-AE25-485E-B04F-A79B3A6D244D}.Release|x64.ActiveCfg = Release|x64
		{4A39923D-AE25-485E-B04F-A79B3A6D244D}.Release|x64.Build.0 = Release|x64
	EndGlobalSection
	GlobalSection(SolutionProperties) = preSolution
		HideSolutionNode = FALSE
	EndGlobalSection
	GlobalSection(ExtensibilityGlobals) = postSolution
		SolutionGuid = {E0353607-42EA-4082-9357-A4C5CF7FD217}
	EndGlobalSection
	GlobalSection(TestCaseManagementSettings) = postSolution
		CategoryFile = Lightrail.vsmdi
	EndGlobalSection
EndGlobal
